
Microsoft Visual Studio Solution File, Format Version 12.00
# Visual Studio 14
VisualStudioVersion = 14.0.23107.0
MinimumVisualStudioVersion = 10.0.40219.1
Project("{FAE04EC0-301F-11D3-BF4B-00C04F79EFBC}") = "BadASBusiness", "BadASBusiness\BadASBusiness.csproj", "{837B7CDF-33D4-4B97-B690-D666E0F98662}"
EndProject
Project("{FAE04EC0-301F-11D3-BF4B-00C04F79EFBC}") = "Altinn", "Altinn\Altinn.csproj", "{4FECCD79-1A8C-4151-B72D-107803BE7D42}"
EndProject
Global
	GlobalSection(SolutionConfigurationPlatforms) = preSolution
		Debug|Any CPU = Debug|Any CPU
		Release|Any CPU = Release|Any CPU
	EndGlobalSection
	GlobalSection(ProjectConfigurationPlatforms) = postSolution
		{837B7CDF-33D4-4B97-B690-D666E0F98662}.Debug|Any CPU.ActiveCfg = Debug|Any CPU
		{837B7CDF-33D4-4B97-B690-D666E0F98662}.Debug|Any CPU.Build.0 = Debug|Any CPU
		{837B7CDF-33D4-4B97-B690-D666E0F98662}.Release|Any CPU.ActiveCfg = Release|Any CPU
		{837B7CDF-33D4-4B97-B690-D666E0F98662}.Release|Any CPU.Build.0 = Release|Any CPU
		{4FECCD79-1A8C-4151-B72D-107803BE7D42}.Debug|Any CPU.ActiveCfg = Debug|Any CPU
		{4FECCD79-1A8C-4151-B72D-107803BE7D42}.Debug|Any CPU.Build.0 = Debug|Any CPU
		{4FECCD79-1A8C-4151-B72D-107803BE7D42}.Release|Any CPU.ActiveCfg = Release|Any CPU
		{4FECCD79-1A8C-4151-B72D-107803BE7D42}.Release|Any CPU.Build.0 = Release|Any CPU
	EndGlobalSection
	GlobalSection(SolutionProperties) = preSolution
		HideSolutionNode = FALSE
	EndGlobalSection
EndGlobal
